
Microsoft Visual Studio Solution File, Format Version 12.00
# Visual Studio 15
VisualStudioVersion = 15.0.28010.2046
MinimumVisualStudioVersion = 10.0.40219.1
Project("{FAE04EC0-301F-11D3-BF4B-00C04F79EFBC}") = "Inex.DoDiDec", "Inex.DoDiDec\Inex.DoDiDec.csproj", "{95DEB206-6488-41AD-86B0-3CC830F6D67F}"
EndProject
Project("{FAE04EC0-301F-11D3-BF4B-00C04F79EFBC}") = "Inex.DoDiDec.Tests", "Inex.DoDiDec.Tests\Inex.DoDiDec.Tests.csproj", "{D4BF9A24-1E24-4E95-ACFF-8933074CB3CE}"
EndProject
Global
	GlobalSection(SolutionConfigurationPlatforms) = preSolution
		Debug|Any CPU = Debug|Any CPU
		Release|Any CPU = Release|Any CPU
	EndGlobalSection
	GlobalSection(ProjectConfigurationPlatforms) = postSolution
		{95DEB206-6488-41AD-86B0-3CC830F6D67F}.Debug|Any CPU.ActiveCfg = Debug|Any CPU
		{95DEB206-6488-41AD-86B0-3CC830F6D67F}.Debug|Any CPU.Build.0 = Debug|Any CPU
		{95DEB206-6488-41AD-86B0-3CC830F6D67F}.Release|Any CPU.ActiveCfg = Release|Any CPU
		{95DEB206-6488-41AD-86B0-3CC830F6D67F}.Release|Any CPU.Build.0 = Release|Any CPU
		{D4BF9A24-1E24-4E95-ACFF-8933074CB3CE}.Debug|Any CPU.ActiveCfg = Debug|Any CPU
		{D4BF9A24-1E24-4E95-ACFF-8933074CB3CE}.Debug|Any CPU.Build.0 = Debug|Any CPU
		{D4BF9A24-1E24-4E95-ACFF-8933074CB3CE}.Release|Any CPU.ActiveCfg = Release|Any CPU
		{D4BF9A24-1E24-4E95-ACFF-8933074CB3CE}.Release|Any CPU.Build.0 = Release|Any CPU
	EndGlobalSection
	GlobalSection(SolutionProperties) = preSolution
		HideSolutionNode = FALSE
	EndGlobalSection
	GlobalSection(ExtensibilityGlobals) = postSolution
		SolutionGuid = {47ABCCB4-28B3-4DAF-B7DB-7CD6B83CFBC4}
	EndGlobalSection
EndGlobal
